
Microsoft Visual Studio Solution File, Format Version 12.00
# Visual Studio Version 16
VisualStudioVersion = 16.0.31402.337
MinimumVisualStudioVersion = 10.0.40219.1
Project("{FAE04EC0-301F-11D3-BF4B-00C04F79EFBC}") = "WindowsService1", "WindowsService1\WindowsService1.csproj", "{4671B3FF-3F8E-409D-AEF7-FBFE85A5DA20}"
EndProject
Global
	GlobalSection(SolutionConfigurationPlatforms) = preSolution
		Debug|Any CPU = Debug|Any CPU
		Release|Any CPU = Release|Any CPU
	EndGlobalSection
	GlobalSection(ProjectConfigurationPlatforms) = postSolution
		{4671B3FF-3F8E-409D-AEF7-FBFE85A5DA20}.Debug|Any CPU.ActiveCfg = Debug|Any CPU
		{4671B3FF-3F8E-409D-AEF7-FBFE85A5DA20}.Debug|Any CPU.Build.0 = Debug|Any CPU
		{4671B3FF-3F8E-409D-AEF7-FBFE85A5DA20}.Release|Any CPU.ActiveCfg = Release|Any CPU
		{4671B3FF-3F8E-409D-AEF7-FBFE85A5DA20}.Release|Any CPU.Build.0 = Release|Any CPU
	EndGlobalSection
	GlobalSection(SolutionProperties) = preSolution
		HideSolutionNode = FALSE
	EndGlobalSection
	GlobalSection(ExtensibilityGlobals) = postSolution
		SolutionGuid = {E11CD49C-2DD5-43A2-A492-125D504BAAB4}
	EndGlobalSection
EndGlobal
